<?xml version="1.0" encoding="utf-8"?>
<Project ToolsVersion="4.0" xmlns="http://schemas.microsoft.com/developer/msbuild/2003">
  <ItemGroup>
    <ClCompile Include="graphics.cpp">
      <Filter>base</Filter>
    </ClCompile>
    <ClCompile Include="system.cpp">
      <Filter>base</Filter>
    </ClCompile>
    <ClCompile Include="audiocapture_wasapi.cpp">
      <Filter>capture</Filter>
    </ClCompile>
    <ClCompile Include="encode_nvenc.cpp">
      <Filter>capture</Filter>
    </ClCompile>
    <ClCompile Include="output_libav.cpp">
      <Filter>capture</Filter>
    </ClCompile>
    <ClCompile Include="screencapture.cpp">
      <Filter>capture</Filter>
    </ClCompile>
    <ClCompile Include="types.cpp">
      <Filter>base</Filter>
    </ClCompile>
    <ClCompile Include="App.cpp">
      <Filter>UI</Filter>
    </ClCompile>
    <ClCompile Include="encode_common.cpp">
      <Filter>capture</Filter>
    </ClCompile>
  </ItemGroup>
  <ItemGroup>
    <ClInclude Include="nvEncodeAPI.h">
      <Filter>3rdparty\nvEncodeAPI</Filter>
    </ClInclude>
    <ClInclude Include="graphics.h">
      <Filter>base</Filter>
    </ClInclude>
    <ClInclude Include="math3d.h">
      <Filter>base</Filter>
    </ClInclude>
    <ClInclude Include="system.h">
      <Filter>base</Filter>
    </ClInclude>
    <ClInclude Include="types.h">
      <Filter>base</Filter>
    </ClInclude>
    <ClInclude Include="audiocapture.h">
      <Filter>capture</Filter>
    </ClInclude>
    <ClInclude Include="encode.h">
      <Filter>capture</Filter>
    </ClInclude>
    <ClInclude Include="output.h">
      <Filter>capture</Filter>
    </ClInclude>
    <ClInclude Include="screencapture.h">
      <Filter>capture</Filter>
    </ClInclude>
    <ClInclude Include="packages\wtl.10.0.10320\lib\native\include\atlapp.h">
      <Filter>3rdparty\WTL</Filter>
    </ClInclude>
    <ClInclude Include="packages\wtl.10.0.10320\lib\native\include\atlcrack.h">
      <Filter>3rdparty\WTL</Filter>
    </ClInclude>
    <ClInclude Include="packages\wtl.10.0.10320\lib\native\include\atlctrls.h">
      <Filter>3rdparty\WTL</Filter>
    </ClInclude>
    <ClInclude Include="packages\wtl.10.0.10320\lib\native\include\atlctrlw.h">
      <Filter>3rdparty\WTL</Filter>
    </ClInclude>
    <ClInclude Include="packages\wtl.10.0.10320\lib\native\include\atlctrlx.h">
      <Filter>3rdparty\WTL</Filter>
    </ClInclude>
    <ClInclude Include="packages\wtl.10.0.10320\lib\native\include\atlddx.h">
      <Filter>3rdparty\WTL</Filter>
    </ClInclude>
    <ClInclude Include="packages\wtl.10.0.10320\lib\native\include\atldlgs.h">
      <Filter>3rdparty\WTL</Filter>
    </ClInclude>
    <ClInclude Include="packages\wtl.10.0.10320\lib\native\include\atldwm.h">
      <Filter>3rdparty\WTL</Filter>
    </ClInclude>
    <ClInclude Include="packages\wtl.10.0.10320\lib\native\include\atlfind.h">
      <Filter>3rdparty\WTL</Filter>
    </ClInclude>
    <ClInclude Include="packages\wtl.10.0.10320\lib\native\include\atlframe.h">
      <Filter>3rdparty\WTL</Filter>
    </ClInclude>
    <ClInclude Include="packages\wtl.10.0.10320\lib\native\include\atlgdi.h">
      <Filter>3rdparty\WTL</Filter>
    </ClInclude>
    <ClInclude Include="packages\wtl.10.0.10320\lib\native\include\atlmisc.h">
      <Filter>3rdparty\WTL</Filter>
    </ClInclude>
    <ClInclude Include="packages\wtl.10.0.10320\lib\native\include\atlprint.h">
      <Filter>3rdparty\WTL</Filter>
    </ClInclude>
    <ClInclude Include="packages\wtl.10.0.10320\lib\native\include\atlres.h">
      <Filter>3rdparty\WTL</Filter>
    </ClInclude>
    <ClInclude Include="packages\wtl.10.0.10320\lib\native\include\atlribbon.h">
      <Filter>3rdparty\WTL</Filter>
    </ClInclude>
    <ClInclude Include="packages\wtl.10.0.10320\lib\native\include\atlscrl.h">
      <Filter>3rdparty\WTL</Filter>
    </ClInclude>
    <ClInclude Include="packages\wtl.10.0.10320\lib\native\include\atlsplit.h">
      <Filter>3rdparty\WTL</Filter>
    </ClInclude>
    <ClInclude Include="packages\wtl.10.0.10320\lib\native\include\atltheme.h">
      <Filter>3rdparty\WTL</Filter>
    </ClInclude>
    <ClInclude Include="packages\wtl.10.0.10320\lib\native\include\atluser.h">
      <Filter>3rdparty\WTL</Filter>
    </ClInclude>
    <ClInclude Include="packages\wtl.10.0.10320\lib\native\include\atlwinx.h">
      <Filter>3rdparty\WTL</Filter>
    </ClInclude>
    <ClInclude Include="resource.h" />
    <ClInclude Include="libavcodec\ac3_parser.h">
      <Filter>3rdparty\libavcodec</Filter>
    </ClInclude>
    <ClInclude Include="libavcodec\adts_parser.h">
      <Filter>3rdparty\libavcodec</Filter>
    </ClInclude>
    <ClInclude Include="libavcodec\avcodec.h">
      <Filter>3rdparty\libavcodec</Filter>
    </ClInclude>
    <ClInclude Include="libavcodec\avdct.h">
      <Filter>3rdparty\libavcodec</Filter>
    </ClInclude>
    <ClInclude Include="libavcodec\avfft.h">
      <Filter>3rdparty\libavcodec</Filter>
    </ClInclude>
    <ClInclude Include="libavcodec\bsf.h">
      <Filter>3rdparty\libavcodec</Filter>
    </ClInclude>
    <ClInclude Include="libavcodec\codec.h">
      <Filter>3rdparty\libavcodec</Filter>
    </ClInclude>
    <ClInclude Include="libavcodec\codec_desc.h">
      <Filter>3rdparty\libavcodec</Filter>
    </ClInclude>
    <ClInclude Include="libavcodec\codec_id.h">
      <Filter>3rdparty\libavcodec</Filter>
    </ClInclude>
    <ClInclude Include="libavcodec\codec_par.h">
      <Filter>3rdparty\libavcodec</Filter>
    </ClInclude>
    <ClInclude Include="libavcodec\d3d11va.h">
      <Filter>3rdparty\libavcodec</Filter>
    </ClInclude>
    <ClInclude Include="libavcodec\dirac.h">
      <Filter>3rdparty\libavcodec</Filter>
    </ClInclude>
    <ClInclude Include="libavcodec\dv_profile.h">
      <Filter>3rdparty\libavcodec</Filter>
    </ClInclude>
    <ClInclude Include="libavcodec\dxva2.h">
      <Filter>3rdparty\libavcodec</Filter>
    </ClInclude>
    <ClInclude Include="libavcodec\jni.h">
      <Filter>3rdparty\libavcodec</Filter>
    </ClInclude>
    <ClInclude Include="libavcodec\mediacodec.h">
      <Filter>3rdparty\libavcodec</Filter>
    </ClInclude>
    <ClInclude Include="libavcodec\packet.h">
      <Filter>3rdparty\libavcodec</Filter>
    </ClInclude>
    <ClInclude Include="libavcodec\qsv.h">
      <Filter>3rdparty\libavcodec</Filter>
    </ClInclude>
    <ClInclude Include="libavcodec\vaapi.h">
      <Filter>3rdparty\libavcodec</Filter>
    </ClInclude>
    <ClInclude Include="libavcodec\vdpau.h">
      <Filter>3rdparty\libavcodec</Filter>
    </ClInclude>
    <ClInclude Include="libavcodec\version.h">
      <Filter>3rdparty\libavcodec</Filter>
    </ClInclude>
    <ClInclude Include="libavcodec\videotoolbox.h">
      <Filter>3rdparty\libavcodec</Filter>
    </ClInclude>
    <ClInclude Include="libavcodec\vorbis_parser.h">
      <Filter>3rdparty\libavcodec</Filter>
    </ClInclude>
    <ClInclude Include="libavcodec\xvmc.h">
      <Filter>3rdparty\libavcodec</Filter>
    </ClInclude>
    <ClInclude Include="libavformat\avformat.h">
      <Filter>3rdparty\libavformat</Filter>
    </ClInclude>
    <ClInclude Include="libavformat\avio.h">
      <Filter>3rdparty\libavformat</Filter>
    </ClInclude>
    <ClInclude Include="libavformat\version.h">
      <Filter>3rdparty\libavformat</Filter>
    </ClInclude>
    <ClInclude Include="libavutil\adler32.h">
      <Filter>3rdparty\libavutil</Filter>
    </ClInclude>
    <ClInclude Include="libavutil\aes.h">
      <Filter>3rdparty\libavutil</Filter>
    </ClInclude>
    <ClInclude Include="libavutil\aes_ctr.h">
      <Filter>3rdparty\libavutil</Filter>
    </ClInclude>
    <ClInclude Include="libavutil\attributes.h">
      <Filter>3rdparty\libavutil</Filter>
    </ClInclude>
    <ClInclude Include="libavutil\audio_fifo.h">
      <Filter>3rdparty\libavutil</Filter>
    </ClInclude>
    <ClInclude Include="libavutil\avassert.h">
      <Filter>3rdparty\libavutil</Filter>
    </ClInclude>
    <ClInclude Include="libavutil\avconfig.h">
      <Filter>3rdparty\libavutil</Filter>
    </ClInclude>
    <ClInclude Include="libavutil\avstring.h">
      <Filter>3rdparty\libavutil</Filter>
    </ClInclude>
    <ClInclude Include="libavutil\avutil.h">
      <Filter>3rdparty\libavutil</Filter>
    </ClInclude>
    <ClInclude Include="libavutil\base64.h">
      <Filter>3rdparty\libavutil</Filter>
    </ClInclude>
    <ClInclude Include="libavutil\blowfish.h">
      <Filter>3rdparty\libavutil</Filter>
    </ClInclude>
    <ClInclude Include="libavutil\bprint.h">
      <Filter>3rdparty\libavutil</Filter>
    </ClInclude>
    <ClInclude Include="libavutil\bswap.h">
      <Filter>3rdparty\libavutil</Filter>
    </ClInclude>
    <ClInclude Include="libavutil\buffer.h">
      <Filter>3rdparty\libavutil</Filter>
    </ClInclude>
    <ClInclude Include="libavutil\camellia.h">
      <Filter>3rdparty\libavutil</Filter>
    </ClInclude>
    <ClInclude Include="libavutil\cast5.h">
      <Filter>3rdparty\libavutil</Filter>
    </ClInclude>
    <ClInclude Include="libavutil\channel_layout.h">
      <Filter>3rdparty\libavutil</Filter>
    </ClInclude>
    <ClInclude Include="libavutil\common.h">
      <Filter>3rdparty\libavutil</Filter>
    </ClInclude>
    <ClInclude Include="libavutil\cpu.h">
      <Filter>3rdparty\libavutil</Filter>
    </ClInclude>
    <ClInclude Include="libavutil\crc.h">
      <Filter>3rdparty\libavutil</Filter>
    </ClInclude>
    <ClInclude Include="libavutil\des.h">
      <Filter>3rdparty\libavutil</Filter>
    </ClInclude>
    <ClInclude Include="libavutil\dict.h">
      <Filter>3rdparty\libavutil</Filter>
    </ClInclude>
    <ClInclude Include="libavutil\display.h">
      <Filter>3rdparty\libavutil</Filter>
    </ClInclude>
    <ClInclude Include="libavutil\dovi_meta.h">
      <Filter>3rdparty\libavutil</Filter>
    </ClInclude>
    <ClInclude Include="libavutil\downmix_info.h">
      <Filter>3rdparty\libavutil</Filter>
    </ClInclude>
    <ClInclude Include="libavutil\encryption_info.h">
      <Filter>3rdparty\libavutil</Filter>
    </ClInclude>
    <ClInclude Include="libavutil\error.h">
      <Filter>3rdparty\libavutil</Filter>
    </ClInclude>
    <ClInclude Include="libavutil\eval.h">
      <Filter>3rdparty\libavutil</Filter>
    </ClInclude>
    <ClInclude Include="libavutil\ffversion.h">
      <Filter>3rdparty\libavutil</Filter>
    </ClInclude>
    <ClInclude Include="libavutil\fifo.h">
      <Filter>3rdparty\libavutil</Filter>
    </ClInclude>
    <ClInclude Include="libavutil\file.h">
      <Filter>3rdparty\libavutil</Filter>
    </ClInclude>
    <ClInclude Include="libavutil\film_grain_params.h">
      <Filter>3rdparty\libavutil</Filter>
    </ClInclude>
    <ClInclude Include="libavutil\frame.h">
      <Filter>3rdparty\libavutil</Filter>
    </ClInclude>
    <ClInclude Include="libavutil\hash.h">
      <Filter>3rdparty\libavutil</Filter>
    </ClInclude>
    <ClInclude Include="libavutil\hdr_dynamic_metadata.h">
      <Filter>3rdparty\libavutil</Filter>
    </ClInclude>
    <ClInclude Include="libavutil\hmac.h">
      <Filter>3rdparty\libavutil</Filter>
    </ClInclude>
    <ClInclude Include="libavutil\hwcontext.h">
      <Filter>3rdparty\libavutil</Filter>
    </ClInclude>
    <ClInclude Include="libavutil\hwcontext_cuda.h">
      <Filter>3rdparty\libavutil</Filter>
    </ClInclude>
    <ClInclude Include="libavutil\hwcontext_d3d11va.h">
      <Filter>3rdparty\libavutil</Filter>
    </ClInclude>
    <ClInclude Include="libavutil\hwcontext_drm.h">
      <Filter>3rdparty\libavutil</Filter>
    </ClInclude>
    <ClInclude Include="libavutil\hwcontext_dxva2.h">
      <Filter>3rdparty\libavutil</Filter>
    </ClInclude>
    <ClInclude Include="libavutil\hwcontext_mediacodec.h">
      <Filter>3rdparty\libavutil</Filter>
    </ClInclude>
    <ClInclude Include="libavutil\hwcontext_opencl.h">
      <Filter>3rdparty\libavutil</Filter>
    </ClInclude>
    <ClInclude Include="libavutil\hwcontext_qsv.h">
      <Filter>3rdparty\libavutil</Filter>
    </ClInclude>
    <ClInclude Include="libavutil\hwcontext_vaapi.h">
      <Filter>3rdparty\libavutil</Filter>
    </ClInclude>
    <ClInclude Include="libavutil\hwcontext_vdpau.h">
      <Filter>3rdparty\libavutil</Filter>
    </ClInclude>
    <ClInclude Include="libavutil\hwcontext_videotoolbox.h">
      <Filter>3rdparty\libavutil</Filter>
    </ClInclude>
    <ClInclude Include="libavutil\hwcontext_vulkan.h">
      <Filter>3rdparty\libavutil</Filter>
    </ClInclude>
    <ClInclude Include="libavutil\imgutils.h">
      <Filter>3rdparty\libavutil</Filter>
    </ClInclude>
    <ClInclude Include="libavutil\intfloat.h">
      <Filter>3rdparty\libavutil</Filter>
    </ClInclude>
    <ClInclude Include="libavutil\intreadwrite.h">
      <Filter>3rdparty\libavutil</Filter>
    </ClInclude>
    <ClInclude Include="libavutil\lfg.h">
      <Filter>3rdparty\libavutil</Filter>
    </ClInclude>
    <ClInclude Include="libavutil\log.h">
      <Filter>3rdparty\libavutil</Filter>
    </ClInclude>
    <ClInclude Include="libavutil\lzo.h">
      <Filter>3rdparty\libavutil</Filter>
    </ClInclude>
    <ClInclude Include="libavutil\macros.h">
      <Filter>3rdparty\libavutil</Filter>
    </ClInclude>
    <ClInclude Include="libavutil\mastering_display_metadata.h">
      <Filter>3rdparty\libavutil</Filter>
    </ClInclude>
    <ClInclude Include="libavutil\mathematics.h">
      <Filter>3rdparty\libavutil</Filter>
    </ClInclude>
    <ClInclude Include="libavutil\md5.h">
      <Filter>3rdparty\libavutil</Filter>
    </ClInclude>
    <ClInclude Include="libavutil\mem.h">
      <Filter>3rdparty\libavutil</Filter>
    </ClInclude>
    <ClInclude Include="libavutil\motion_vector.h">
      <Filter>3rdparty\libavutil</Filter>
    </ClInclude>
    <ClInclude Include="libavutil\murmur3.h">
      <Filter>3rdparty\libavutil</Filter>
    </ClInclude>
    <ClInclude Include="libavutil\opt.h">
      <Filter>3rdparty\libavutil</Filter>
    </ClInclude>
    <ClInclude Include="libavutil\parseutils.h">
      <Filter>3rdparty\libavutil</Filter>
    </ClInclude>
    <ClInclude Include="libavutil\pixdesc.h">
      <Filter>3rdparty\libavutil</Filter>
    </ClInclude>
    <ClInclude Include="libavutil\pixelutils.h">
      <Filter>3rdparty\libavutil</Filter>
    </ClInclude>
    <ClInclude Include="libavutil\pixfmt.h">
      <Filter>3rdparty\libavutil</Filter>
    </ClInclude>
    <ClInclude Include="libavutil\random_seed.h">
      <Filter>3rdparty\libavutil</Filter>
    </ClInclude>
    <ClInclude Include="libavutil\rational.h">
      <Filter>3rdparty\libavutil</Filter>
    </ClInclude>
    <ClInclude Include="libavutil\rc4.h">
      <Filter>3rdparty\libavutil</Filter>
    </ClInclude>
    <ClInclude Include="libavutil\replaygain.h">
      <Filter>3rdparty\libavutil</Filter>
    </ClInclude>
    <ClInclude Include="libavutil\ripemd.h">
      <Filter>3rdparty\libavutil</Filter>
    </ClInclude>
    <ClInclude Include="libavutil\samplefmt.h">
      <Filter>3rdparty\libavutil</Filter>
    </ClInclude>
    <ClInclude Include="libavutil\sha.h">
      <Filter>3rdparty\libavutil</Filter>
    </ClInclude>
    <ClInclude Include="libavutil\sha512.h">
      <Filter>3rdparty\libavutil</Filter>
    </ClInclude>
    <ClInclude Include="libavutil\spherical.h">
      <Filter>3rdparty\libavutil</Filter>
    </ClInclude>
    <ClInclude Include="libavutil\stereo3d.h">
      <Filter>3rdparty\libavutil</Filter>
    </ClInclude>
    <ClInclude Include="libavutil\tea.h">
      <Filter>3rdparty\libavutil</Filter>
    </ClInclude>
    <ClInclude Include="libavutil\threadmessage.h">
      <Filter>3rdparty\libavutil</Filter>
    </ClInclude>
    <ClInclude Include="libavutil\time.h">
      <Filter>3rdparty\libavutil</Filter>
    </ClInclude>
    <ClInclude Include="libavutil\timecode.h">
      <Filter>3rdparty\libavutil</Filter>
    </ClInclude>
    <ClInclude Include="libavutil\timestamp.h">
      <Filter>3rdparty\libavutil</Filter>
    </ClInclude>
    <ClInclude Include="libavutil\tree.h">
      <Filter>3rdparty\libavutil</Filter>
    </ClInclude>
    <ClInclude Include="libavutil\twofish.h">
      <Filter>3rdparty\libavutil</Filter>
    </ClInclude>
    <ClInclude Include="libavutil\tx.h">
      <Filter>3rdparty\libavutil</Filter>
    </ClInclude>
    <ClInclude Include="libavutil\version.h">
      <Filter>3rdparty\libavutil</Filter>
    </ClInclude>
    <ClInclude Include="libavutil\video_enc_params.h">
      <Filter>3rdparty\libavutil</Filter>
    </ClInclude>
    <ClInclude Include="libavutil\xtea.h">
      <Filter>3rdparty\libavutil</Filter>
    </ClInclude>
    <ClInclude Include="libswresample\swresample.h">
      <Filter>3rdparty\libswresample</Filter>
    </ClInclude>
    <ClInclude Include="libswresample\version.h">
      <Filter>3rdparty\libswresample</Filter>
    </ClInclude>
    <ClInclude Include="json.h">
      <Filter>base</Filter>
    </ClInclude>
    <ClInclude Include="colormath.h">
      <Filter>capture</Filter>
    </ClInclude>
  </ItemGroup>
  <ItemGroup>
    <Filter Include="base">
      <UniqueIdentifier>{12781895-3aa0-4202-8748-5ed4cd596433}</UniqueIdentifier>
    </Filter>
    <Filter Include="3rdparty">
      <UniqueIdentifier>{0c582e1b-c35c-41fb-94d3-e5f4b8faca83}</UniqueIdentifier>
    </Filter>
    <Filter Include="3rdparty\nvEncodeAPI">
      <UniqueIdentifier>{f5c65b73-0158-461b-ac49-96c63a9aa6e9}</UniqueIdentifier>
    </Filter>
    <Filter Include="3rdparty\libavformat">
      <UniqueIdentifier>{557d6496-6565-40d9-9532-9d42fb4c466b}</UniqueIdentifier>
    </Filter>
    <Filter Include="3rdparty\libavcodec">
      <UniqueIdentifier>{4819159d-f755-4346-be77-373333093b1a}</UniqueIdentifier>
    </Filter>
    <Filter Include="3rdparty\libavutil">
      <UniqueIdentifier>{f9c65180-ff8b-461d-a31a-d15242b24ff5}</UniqueIdentifier>
    </Filter>
    <Filter Include="3rdparty\libswresample">
      <UniqueIdentifier>{54cb704c-8e4a-4930-a483-c91dce6c7aa2}</UniqueIdentifier>
    </Filter>
    <Filter Include="UI">
      <UniqueIdentifier>{48d2dc99-7db5-473d-b522-a8e844f9ead8}</UniqueIdentifier>
    </Filter>
    <Filter Include="3rdparty\WTL">
      <UniqueIdentifier>{2113dfc2-3b33-4fd8-a289-a6e7479a6f4a}</UniqueIdentifier>
    </Filter>
    <Filter Include="capture">
      <UniqueIdentifier>{d6300db1-8c54-4978-89ad-e31d20a2a215}</UniqueIdentifier>
    </Filter>
  </ItemGroup>
  <ItemGroup>
    <Library Include="avcodec.lib">
      <Filter>3rdparty\libavcodec</Filter>
    </Library>
    <Library Include="avformat.lib">
      <Filter>3rdparty\libavformat</Filter>
    </Library>
    <Library Include="avutil.lib">
      <Filter>3rdparty\libavutil</Filter>
    </Library>
    <Library Include="nvencodeapi.lib">
      <Filter>3rdparty\nvEncodeAPI</Filter>
    </Library>
    <Library Include="swresample.lib">
      <Filter>3rdparty\libswresample</Filter>
    </Library>
  </ItemGroup>
  <ItemGroup>
    <Manifest Include="app.manifest" />
  </ItemGroup>
  <ItemGroup>
    <Natvis Include="types.natvis">
      <Filter>base</Filter>
    </Natvis>
  </ItemGroup>
  <ItemGroup>
    <None Include="packages.config" />
    <None Include="colorconvert.hlsl">
      <Filter>capture</Filter>
    </None>
  </ItemGroup>
  <ItemGroup>
    <ResourceCompile Include="app.rc" />
  </ItemGroup>
  <ItemGroup>
    <Image Include="appicon.ico" />
  </ItemGroup>
</Project>