<?xml version="1.0" encoding="utf-8"?>
<Project ToolsVersion="4.0" xmlns="http://schemas.microsoft.com/developer/msbuild/2003">
  <ItemGroup>
    <ClCompile Include="graphics.cpp">
      <Filter>base</Filter>
    </ClCompile>
    <ClCompile Include="system.cpp">
      <Filter>base</Filter>
    </ClCompile>
    <ClCompile Include="audiocapture_wasapi.cpp">
      <Filter>capture</Filter>
    </ClCompile>
    <ClCompile Include="encode_nvenc.cpp">
      <Filter>capture</Filter>
    </ClCompile>
    <ClCompile Include="output_libav.cpp">
      <Filter>capture</Filter>
    </ClCompile>
    <ClCompile Include="screencapture.cpp">
      <Filter>capture</Filter>
    </ClCompile>
    <ClCompile Include="types.cpp">
      <Filter>base</Filter>
    </ClCompile>
    <ClCompile Include="App.cpp">
      <Filter>UI</Filter>
    </ClCompile>
    <ClCompile Include="encode_common.cpp">
      <Filter>capture</Filter>
    </ClCompile>
  </ItemGroup>
  <ItemGroup>
    <ClInclude Include="graphics.h">
      <Filter>base</Filter>
    </ClInclude>
    <ClInclude Include="math3d.h">
      <Filter>base</Filter>
    </ClInclude>
    <ClInclude Include="system.h">
      <Filter>base</Filter>
    </ClInclude>
    <ClInclude Include="types.h">
      <Filter>base</Filter>
    </ClInclude>
    <ClInclude Include="audiocapture.h">
      <Filter>capture</Filter>
    </ClInclude>
    <ClInclude Include="encode.h">
      <Filter>capture</Filter>
    </ClInclude>
    <ClInclude Include="output.h">
      <Filter>capture</Filter>
    </ClInclude>
    <ClInclude Include="screencapture.h">
      <Filter>capture</Filter>
    </ClInclude>
    <ClInclude Include="resource.h" />
    <ClInclude Include="json.h">
      <Filter>base</Filter>
    </ClInclude>
    <ClInclude Include="colormath.h">
      <Filter>capture</Filter>
    </ClInclude>
  </ItemGroup>
  <ItemGroup>
    <Filter Include="base">
      <UniqueIdentifier>{12781895-3aa0-4202-8748-5ed4cd596433}</UniqueIdentifier>
    </Filter>
    <Filter Include="UI">
      <UniqueIdentifier>{48d2dc99-7db5-473d-b522-a8e844f9ead8}</UniqueIdentifier>
    </Filter>
    <Filter Include="capture">
      <UniqueIdentifier>{d6300db1-8c54-4978-89ad-e31d20a2a215}</UniqueIdentifier>
    </Filter>
  </ItemGroup>
  <ItemGroup>
    <Manifest Include="app.manifest" />
  </ItemGroup>
  <ItemGroup>
    <Natvis Include="types.natvis">
      <Filter>base</Filter>
    </Natvis>
  </ItemGroup>
  <ItemGroup>
    <None Include="colorconvert.hlsl">
      <Filter>capture</Filter>
    </None>
    <None Include="vcpkg-configuration.json" />
    <None Include="vcpkg.json" />
  </ItemGroup>
  <ItemGroup>
    <ResourceCompile Include="app.rc" />
  </ItemGroup>
  <ItemGroup>
    <Image Include="appicon.ico" />
  </ItemGroup>
</Project>